
Microsoft Visual Studio Solution File, Format Version 12.00
# Visual Studio Version 17
VisualStudioVersion = 17.11.35327.3
MinimumVisualStudioVersion = 10.0.40219.1
Project("{FAE04EC0-301F-11D3-BF4B-00C04F79EFBC}") = "PetrovSokolitsynSecond", "PetrovSokolitsynSecond\PetrovSokolitsynSecond.csproj", "{4D2F20E4-9559-4C71-A65C-1239C03BDB8C}"
EndProject
Global
	GlobalSection(SolutionConfigurationPlatforms) = preSolution
		Debug|Any CPU = Debug|Any CPU
		Release|Any CPU = Release|Any CPU
	EndGlobalSection
	GlobalSection(ProjectConfigurationPlatforms) = postSolution
		{4D2F20E4-9559-4C71-A65C-1239C03BDB8C}.Debug|Any CPU.ActiveCfg = Debug|Any CPU
		{4D2F20E4-9559-4C71-A65C-1239C03BDB8C}.Debug|Any CPU.Build.0 = Debug|Any CPU
		{4D2F20E4-9559-4C71-A65C-1239C03BDB8C}.Release|Any CPU.ActiveCfg = Release|Any CPU
		{4D2F20E4-9559-4C71-A65C-1239C03BDB8C}.Release|Any CPU.Build.0 = Release|Any CPU
	EndGlobalSection
	GlobalSection(SolutionProperties) = preSolution
		HideSolutionNode = FALSE
	EndGlobalSection
	GlobalSection(ExtensibilityGlobals) = postSolution
		SolutionGuid = {0DDBC7FF-5E33-491D-A205-1FCD4C479BAA}
	EndGlobalSection
EndGlobal
